
Microsoft Visual Studio Solution File, Format Version 12.00
# Visual Studio Version 16
VisualStudioVersion = 16.0.29020.237
MinimumVisualStudioVersion = 10.0.40219.1
Project("{FAE04EC0-301F-11D3-BF4B-00C04F79EFBC}") = "RectangleSquare", "RectangleSquare\RectangleSquare.csproj", "{676339A7-72D6-41BF-9EA3-DBBAE55A3F74}"
EndProject
Global
	GlobalSection(SolutionConfigurationPlatforms) = preSolution
		Debug|Any CPU = Debug|Any CPU
		Release|Any CPU = Release|Any CPU
	EndGlobalSection
	GlobalSection(ProjectConfigurationPlatforms) = postSolution
		{676339A7-72D6-41BF-9EA3-DBBAE55A3F74}.Debug|Any CPU.ActiveCfg = Debug|Any CPU
		{676339A7-72D6-41BF-9EA3-DBBAE55A3F74}.Debug|Any CPU.Build.0 = Debug|Any CPU
		{676339A7-72D6-41BF-9EA3-DBBAE55A3F74}.Release|Any CPU.ActiveCfg = Release|Any CPU
		{676339A7-72D6-41BF-9EA3-DBBAE55A3F74}.Release|Any CPU.Build.0 = Release|Any CPU
	EndGlobalSection
	GlobalSection(SolutionProperties) = preSolution
		HideSolutionNode = FALSE
	EndGlobalSection
	GlobalSection(ExtensibilityGlobals) = postSolution
		SolutionGuid = {7657D7A0-AF86-4333-9F60-935D23F83964}
	EndGlobalSection
EndGlobal
